dependencies:
- name: common
  repository: https://charts.bitnami.com/bitnami
  version: 2.31.4
- name: redis
  repository: https://charts.bitnami.com/bitnami
  version: 22.0.7
- name: postgresql
  repository: https://charts.bitnami.com/bitnami
  version: 18.0.7
- name: mariadb
  repository: https://charts.bitnami.com/bitnami
  version: 22.0.0
digest: sha256:fc00e3cb4cf919acf0b326351527e98889be8a8ac793055fa79c3fc3dfca1da5
generated: "2025-10-06T14:39:24.6962395Z"
